
Microsoft Visual Studio Solution File, Format Version 12.00
# Visual Studio Version 17
VisualStudioVersion = 17.5.002.0
MinimumVisualStudioVersion = 10.0.40219.1
Project("{2150E333-8FDC-42A3-9474-1A3956D46DE8}") = "Labfiles", "Labfiles", "{4B25EB61-115C-4264-ADBD-221BE234C7A9}"
EndProject
Project("{2150E333-8FDC-42A3-9474-1A3956D46DE8}") = "07-custom-vision-image-classification", "07-custom-vision-image-classification", "{01C90B7F-17D2-4A07-88D8-5C318E95F369}"
EndProject
Project("{2150E333-8FDC-42A3-9474-1A3956D46DE8}") = "C-Sharp", "C-Sharp", "{E23E3FD9-6B6B-4B0E-B171-F9B51994B872}"
EndProject
Project("{9A19103F-16F7-4668-BE54-9A1E7A4F7556}") = "test-classifier", "Labfiles\07-custom-vision-image-classification\C-Sharp\test-classifier\test-classifier.csproj", "{E38696DD-D16D-4668-80A5-002610340FAA}"
EndProject
Project("{9A19103F-16F7-4668-BE54-9A1E7A4F7556}") = "train-classifier", "Labfiles\07-custom-vision-image-classification\C-Sharp\train-classifier\train-classifier.csproj", "{538A7C32-0B97-4BA8-AB83-4722713EC246}"
EndProject
Project("{2150E333-8FDC-42A3-9474-1A3956D46DE8}") = "04-face", "04-face", "{554E9314-D62E-484E-B87E-6F119B9C4800}"
EndProject
Project("{2150E333-8FDC-42A3-9474-1A3956D46DE8}") = "C-Sharp", "C-Sharp", "{7ED4F2DA-B5C5-4C92-8D4F-55670C906A2B}"
EndProject
Project("{9A19103F-16F7-4668-BE54-9A1E7A4F7556}") = "analyze-faces", "Labfiles\04-face\C-Sharp\face-api\analyze-faces.csproj", "{FBA43E2D-B60C-411A-91B3-BE6AE70CB362}"
EndProject
Project("{9A19103F-16F7-4668-BE54-9A1E7A4F7556}") = "detect-people", "Labfiles\04-face\C-Sharp\computer-vision\detect-people.csproj", "{84BEBF81-8FCC-4339-A7BE-C54A0B25A10C}"
EndProject
Project("{2150E333-8FDC-42A3-9474-1A3956D46DE8}") = "05-ocr", "05-ocr", "{39B31025-5E8B-4031-B5BE-95F6532E3045}"
EndProject
Project("{2150E333-8FDC-42A3-9474-1A3956D46DE8}") = "C-Sharp", "C-Sharp", "{BA2037B3-083A-4444-AA0D-72BC5AA0F1FB}"
EndProject
Project("{9A19103F-16F7-4668-BE54-9A1E7A4F7556}") = "read-text", "Labfiles\05-ocr\C-Sharp\read-text\read-text.csproj", "{7ABC1BC6-A634-4BF8-B990-97B5B6951FDA}"
EndProject
Project("{2150E333-8FDC-42A3-9474-1A3956D46DE8}") = "03-object-detection", "03-object-detection", "{79F4D2D0-01AB-4806-80EF-AC6C3620F519}"
EndProject
Project("{2150E333-8FDC-42A3-9474-1A3956D46DE8}") = "C-Sharp", "C-Sharp", "{9C972D25-C25B-43E7-9691-7AFA3F22DFC7}"
EndProject
Project("{9A19103F-16F7-4668-BE54-9A1E7A4F7556}") = "test-detector", "Labfiles\03-object-detection\C-Sharp\test-detector\test-detector.csproj", "{12593081-9105-41E8-8B1C-E80B8E954E91}"
EndProject
Project("{9A19103F-16F7-4668-BE54-9A1E7A4F7556}") = "train-detector", "Labfiles\03-object-detection\C-Sharp\train-detector\train-detector.csproj", "{DE83B893-DE07-4606-A8EA-E9129300292F}"
EndProject
Project("{2150E333-8FDC-42A3-9474-1A3956D46DE8}") = "01-analyze-images", "01-analyze-images", "{0622DECC-BE1A-4358-BA15-1567527A8B44}"
EndProject
Project("{2150E333-8FDC-42A3-9474-1A3956D46DE8}") = "C-Sharp", "C-Sharp", "{F380CF5B-925A-4284-B085-5126CBAFD6EA}"
EndProject
Project("{9A19103F-16F7-4668-BE54-9A1E7A4F7556}") = "image-analysis", "Labfiles\01-analyze-images\C-Sharp\image-analysis\image-analysis.csproj", "{6BC4F453-4802-4889-B717-2DF4B66E3441}"
EndProject
Global
	GlobalSection(SolutionConfigurationPlatforms) = preSolution
		Debug|Any CPU = Debug|Any CPU
		Release|Any CPU = Release|Any CPU
	EndGlobalSection
	GlobalSection(ProjectConfigurationPlatforms) = postSolution
		{E38696DD-D16D-4668-80A5-002610340FAA}.Debug|Any CPU.ActiveCfg = Debug|Any CPU
		{E38696DD-D16D-4668-80A5-002610340FAA}.Debug|Any CPU.Build.0 = Debug|Any CPU
		{E38696DD-D16D-4668-80A5-002610340FAA}.Release|Any CPU.ActiveCfg = Release|Any CPU
		{E38696DD-D16D-4668-80A5-002610340FAA}.Release|Any CPU.Build.0 = Release|Any CPU
		{538A7C32-0B97-4BA8-AB83-4722713EC246}.Debug|Any CPU.ActiveCfg = Debug|Any CPU
		{538A7C32-0B97-4BA8-AB83-4722713EC246}.Debug|Any CPU.Build.0 = Debug|Any CPU
		{538A7C32-0B97-4BA8-AB83-4722713EC246}.Release|Any CPU.ActiveCfg = Release|Any CPU
		{538A7C32-0B97-4BA8-AB83-4722713EC246}.Release|Any CPU.Build.0 = Release|Any CPU
		{FBA43E2D-B60C-411A-91B3-BE6AE70CB362}.Debug|Any CPU.ActiveCfg = Debug|Any CPU
		{FBA43E2D-B60C-411A-91B3-BE6AE70CB362}.Debug|Any CPU.Build.0 = Debug|Any CPU
		{FBA43E2D-B60C-411A-91B3-BE6AE70CB362}.Release|Any CPU.ActiveCfg = Release|Any CPU
		{FBA43E2D-B60C-411A-91B3-BE6AE70CB362}.Release|Any CPU.Build.0 = Release|Any CPU
		{84BEBF81-8FCC-4339-A7BE-C54A0B25A10C}.Debug|Any CPU.ActiveCfg = Debug|Any CPU
		{84BEBF81-8FCC-4339-A7BE-C54A0B25A10C}.Debug|Any CPU.Build.0 = Debug|Any CPU
		{84BEBF81-8FCC-4339-A7BE-C54A0B25A10C}.Release|Any CPU.ActiveCfg = Release|Any CPU
		{84BEBF81-8FCC-4339-A7BE-C54A0B25A10C}.Release|Any CPU.Build.0 = Release|Any CPU
		{7ABC1BC6-A634-4BF8-B990-97B5B6951FDA}.Debug|Any CPU.ActiveCfg = Debug|Any CPU
		{7ABC1BC6-A634-4BF8-B990-97B5B6951FDA}.Debug|Any CPU.Build.0 = Debug|Any CPU
		{7ABC1BC6-A634-4BF8-B990-97B5B6951FDA}.Release|Any CPU.ActiveCfg = Release|Any CPU
		{7ABC1BC6-A634-4BF8-B990-97B5B6951FDA}.Release|Any CPU.Build.0 = Release|Any CPU
		{12593081-9105-41E8-8B1C-E80B8E954E91}.Debug|Any CPU.ActiveCfg = Debug|Any CPU
		{12593081-9105-41E8-8B1C-E80B8E954E91}.Debug|Any CPU.Build.0 = Debug|Any CPU
		{12593081-9105-41E8-8B1C-E80B8E954E91}.Release|Any CPU.ActiveCfg = Release|Any CPU
		{12593081-9105-41E8-8B1C-E80B8E954E91}.Release|Any CPU.Build.0 = Release|Any CPU
		{DE83B893-DE07-4606-A8EA-E9129300292F}.Debug|Any CPU.ActiveCfg = Debug|Any CPU
		{DE83B893-DE07-4606-A8EA-E9129300292F}.Debug|Any CPU.Build.0 = Debug|Any CPU
		{DE83B893-DE07-4606-A8EA-E9129300292F}.Release|Any CPU.ActiveCfg = Release|Any CPU
		{DE83B893-DE07-4606-A8EA-E9129300292F}.Release|Any CPU.Build.0 = Release|Any CPU
		{6BC4F453-4802-4889-B717-2DF4B66E3441}.Debug|Any CPU.ActiveCfg = Debug|Any CPU
		{6BC4F453-4802-4889-B717-2DF4B66E3441}.Debug|Any CPU.Build.0 = Debug|Any CPU
		{6BC4F453-4802-4889-B717-2DF4B66E3441}.Release|Any CPU.ActiveCfg = Release|Any CPU
		{6BC4F453-4802-4889-B717-2DF4B66E3441}.Release|Any CPU.Build.0 = Release|Any CPU
	EndGlobalSection
	GlobalSection(SolutionProperties) = preSolution
		HideSolutionNode = FALSE
	EndGlobalSection
	GlobalSection(NestedProjects) = preSolution
		{01C90B7F-17D2-4A07-88D8-5C318E95F369} = {4B25EB61-115C-4264-ADBD-221BE234C7A9}
		{E23E3FD9-6B6B-4B0E-B171-F9B51994B872} = {01C90B7F-17D2-4A07-88D8-5C318E95F369}
		{E38696DD-D16D-4668-80A5-002610340FAA} = {E23E3FD9-6B6B-4B0E-B171-F9B51994B872}
		{538A7C32-0B97-4BA8-AB83-4722713EC246} = {E23E3FD9-6B6B-4B0E-B171-F9B51994B872}
		{554E9314-D62E-484E-B87E-6F119B9C4800} = {4B25EB61-115C-4264-ADBD-221BE234C7A9}
		{7ED4F2DA-B5C5-4C92-8D4F-55670C906A2B} = {554E9314-D62E-484E-B87E-6F119B9C4800}
		{FBA43E2D-B60C-411A-91B3-BE6AE70CB362} = {7ED4F2DA-B5C5-4C92-8D4F-55670C906A2B}
		{84BEBF81-8FCC-4339-A7BE-C54A0B25A10C} = {7ED4F2DA-B5C5-4C92-8D4F-55670C906A2B}
		{39B31025-5E8B-4031-B5BE-95F6532E3045} = {4B25EB61-115C-4264-ADBD-221BE234C7A9}
		{BA2037B3-083A-4444-AA0D-72BC5AA0F1FB} = {39B31025-5E8B-4031-B5BE-95F6532E3045}
		{7ABC1BC6-A634-4BF8-B990-97B5B6951FDA} = {BA2037B3-083A-4444-AA0D-72BC5AA0F1FB}
		{79F4D2D0-01AB-4806-80EF-AC6C3620F519} = {4B25EB61-115C-4264-ADBD-221BE234C7A9}
		{9C972D25-C25B-43E7-9691-7AFA3F22DFC7} = {79F4D2D0-01AB-4806-80EF-AC6C3620F519}
		{12593081-9105-41E8-8B1C-E80B8E954E91} = {9C972D25-C25B-43E7-9691-7AFA3F22DFC7}
		{DE83B893-DE07-4606-A8EA-E9129300292F} = {9C972D25-C25B-43E7-9691-7AFA3F22DFC7}
		{0622DECC-BE1A-4358-BA15-1567527A8B44} = {4B25EB61-115C-4264-ADBD-221BE234C7A9}
		{F380CF5B-925A-4284-B085-5126CBAFD6EA} = {0622DECC-BE1A-4358-BA15-1567527A8B44}
		{6BC4F453-4802-4889-B717-2DF4B66E3441} = {F380CF5B-925A-4284-B085-5126CBAFD6EA}
	EndGlobalSection
	GlobalSection(ExtensibilityGlobals) = postSolution
		SolutionGuid = {A677F9F4-0DAC-4CC9-8D5D-983DEAA9E7CE}
	EndGlobalSection
EndGlobal
